{
  "name": "npm-git-links-user",
  "version": "1.0.0",
  "lockfileVersion": 1,
  "requires": true,
  "dependencies": {
    "hosted-git-info": {
      "version": "2.7.1",
      "resolved": "http://localhost:4873/hosted-git-info/-/hosted-git-info-2.7.1.tgz",
      "integrity": "sha512-7T/BxH19zbcCTa8XkMlbK5lTo1WtgkFi3GvdWEyNuc4Vex7/9Dqbnpsf4JMydcfj9HCg4zUWFTL3Za6lapg5/w=="
    },
    "npm-git-links": {
      "version": "1.0.0",
      "resolved": "http://localhost:4873/npm-git-links/-/npm-git-links-1.0.0.tgz",
      "integrity": "sha512-b1kGRwD6qIvEiAdK8FieR/3uHcVmzOgXdUAldcCP8RB9zL5qh3kiwx1gf9j/N8yMmABXSm1wY+FXdW4FXcbJvA==",
      "requires": {
        "hosted-git-info": "^2.7.1"
      }
    }
  }
}
