{
  "name": "npm-git-links-user",
  "version": "0.0.7",
  "lockfileVersion": 1,
  "requires": true,
  "dependencies": {
    "hosted-git-info": {
      "version": "2.7.1",
      "resolved": "https://registry.npmjs.org/hosted-git-info/-/hosted-git-info-2.7.1.tgz",
      "integrity": "sha512-7T/BxH19zbcCTa8XkMlbK5lTo1WtgkFi3GvdWEyNuc4Vex7/9Dqbnpsf4JMydcfj9HCg4zUWFTL3Za6lapg5/w=="
    },
    "npm-git-links": {
      "version": "0.0.4",
      "resolved": "https://registry.npmjs.org/npm-git-links/-/npm-git-links-0.0.4.tgz",
      "integrity": "sha512-f1xqfekWYeZu4kA+w0lZkmzoPg0u4Jgg11PTveSbjqWl4lnoR4YrrdSCAr4t6m19yBQ2ItTZyxkl1yVOiaJobA==",
      "requires": {
        "hosted-git-info": "^2.7.1"
      }
    }
  }
}
