# THIS IS AN AUTOGENERATED FILE. DO NOT EDIT THIS FILE DIRECTLY.
# yarn lockfile v1


hosted-git-info@^2.7.1:
  version "2.7.1"
  resolved "https://registry.yarnpkg.com/hosted-git-info/-/hosted-git-info-2.7.1.tgz#97f236977bd6e125408930ff6de3eec6281ec047"

npm-git-links@^0.0.1:
  version "0.0.1"
  resolved "https://registry.yarnpkg.com/npm-git-links/-/npm-git-links-0.0.1.tgz#abfdf7730a12345e12994fd95ab1c520a22f2067"
  dependencies:
    hosted-git-info "^2.7.1"
